// !$*UTF8*$!
{
	archiveVersion = 1;
	classes = {
	};
	objectVersion = 56;
	objects = {

/* Begin PBXBuildFile section */
		4801DBBF2C4B6573004D9AE6 /* TitleView.swift in Sources */ = {isa = PBXBuildFile; fileRef = 4801DBBE2C4B6573004D9AE6 /* TitleView.swift */; };
		4801DBC12C4B6766004D9AE6 /* ProductModel.swift in Sources */ = {isa = PBXBuildFile; fileRef = 4801DBC02C4B6766004D9AE6 /* ProductModel.swift */; };
		4801DBC32C4B68A8004D9AE6 /* ProductItemView.swift in Sources */ = {isa = PBXBuildFile; fileRef = 4801DBC22C4B68A8004D9AE6 /* ProductItemView.swift */; };
		4801DC452C4EE11E004D9AE6 /* BrandModel.swift in Sources */ = {isa = PBXBuildFile; fileRef = 4801DC442C4EE11E004D9AE6 /* BrandModel.swift */; };
		4801DC472C4EE1B6004D9AE6 /* BrandItemView.swift in Sources */ = {isa = PBXBuildFile; fileRef = 4801DC462C4EE1B6004D9AE6 /* BrandItemView.swift */; };
		4801DC492C4EE29F004D9AE6 /* BrandGridView.swift in Sources */ = {isa = PBXBuildFile; fileRef = 4801DC482C4EE29F004D9AE6 /* BrandGridView.swift */; };
		48159EDA2C503048005BB9F5 /* ProductDetailView.swift in Sources */ = {isa = PBXBuildFile; fileRef = 48159ED92C503048005BB9F5 /* ProductDetailView.swift */; };
		48159EDC2C50327C005BB9F5 /* NavigationBarDetailView.swift in Sources */ = {isa = PBXBuildFile; fileRef = 48159EDB2C50327C005BB9F5 /* NavigationBarDetailView.swift */; };
		48159EDE2C5033E9005BB9F5 /* HeaderDetailView.swift in Sources */ = {isa = PBXBuildFile; fileRef = 48159EDD2C5033E9005BB9F5 /* HeaderDetailView.swift */; };
		48159EE02C5034AF005BB9F5 /* TopPartDetailView.swift in Sources */ = {isa = PBXBuildFile; fileRef = 48159EDF2C5034AF005BB9F5 /* TopPartDetailView.swift */; };
		482BA07E2C46F23400696F62 /* NavigationBarView.swift in Sources */ = {isa = PBXBuildFile; fileRef = 482BA07D2C46F23400696F62 /* NavigationBarView.swift */; };
		482BA0802C46F8CB00696F62 /* LogoView.swift in Sources */ = {isa = PBXBuildFile; fileRef = 482BA07F2C46F8CB00696F62 /* LogoView.swift */; };
		4895AEF12C45FAD9008CD905 /* TouchdownApp.swift in Sources */ = {isa = PBXBuildFile; fileRef = 4895AEF02C45FAD9008CD905 /* TouchdownApp.swift */; };
		4895AEF32C45FAD9008CD905 /* ContentView.swift in Sources */ = {isa = PBXBuildFile; fileRef = 4895AEF22C45FAD9008CD905 /* ContentView.swift */; };
		4895AEF52C45FADB008CD905 /* Assets.xcassets in Resources */ = {isa = PBXBuildFile; fileRef = 4895AEF42C45FADB008CD905 /* Assets.xcassets */; };
		4895AEF82C45FADB008CD905 /* Preview Assets.xcassets in Resources */ = {isa = PBXBuildFile; fileRef = 4895AEF72C45FADB008CD905 /* Preview Assets.xcassets */; };
		4895AF022C45FDBF008CD905 /* brand.json in Resources */ = {isa = PBXBuildFile; fileRef = 4895AEFE2C45FDBE008CD905 /* brand.json */; };
		4895AF032C45FDBF008CD905 /* product.json in Resources */ = {isa = PBXBuildFile; fileRef = 4895AEFF2C45FDBE008CD905 /* product.json */; };
		4895AF042C45FDBF008CD905 /* category.json in Resources */ = {isa = PBXBuildFile; fileRef = 4895AF002C45FDBE008CD905 /* category.json */; };
		4895AF052C45FDBF008CD905 /* player.json in Resources */ = {isa = PBXBuildFile; fileRef = 4895AF012C45FDBF008CD905 /* player.json */; };
		4895AF102C45FFB0008CD905 /* Constant.swift in Sources */ = {isa = PBXBuildFile; fileRef = 4895AF0F2C45FFB0008CD905 /* Constant.swift */; };
		4895AF122C46010A008CD905 /* FooterView.swift in Sources */ = {isa = PBXBuildFile; fileRef = 4895AF112C46010A008CD905 /* FooterView.swift */; };
		48F7738B2C4842B40023AC78 /* PlayerModel.swift in Sources */ = {isa = PBXBuildFile; fileRef = 48F7738A2C4842B40023AC78 /* PlayerModel.swift */; };
		48F7738D2C4843510023AC78 /* CodableBundleExtension.swift in Sources */ = {isa = PBXBuildFile; fileRef = 48F7738C2C4843510023AC78 /* CodableBundleExtension.swift */; };
		48F773912C4846C90023AC78 /* FeaturedItemView.swift in Sources */ = {isa = PBXBuildFile; fileRef = 48F773902C4846C90023AC78 /* FeaturedItemView.swift */; };
		48F773932C4848210023AC78 /* FeaturedTabView.swift in Sources */ = {isa = PBXBuildFile; fileRef = 48F773922C4848210023AC78 /* FeaturedTabView.swift */; };
		48F773952C4A0F9A0023AC78 /* CategoryModel.swift in Sources */ = {isa = PBXBuildFile; fileRef = 48F773942C4A0F9A0023AC78 /* CategoryModel.swift */; };
		48F773972C4A10FA0023AC78 /* CategoryItemView.swift in Sources */ = {isa = PBXBuildFile; fileRef = 48F773962C4A10FA0023AC78 /* CategoryItemView.swift */; };
		48F773992C4A13D40023AC78 /* CategoryGridView.swift in Sources */ = {isa = PBXBuildFile; fileRef = 48F773982C4A13D40023AC78 /* CategoryGridView.swift */; };
		48F7739B2C4A15620023AC78 /* SectionView.swift in Sources */ = {isa = PBXBuildFile; fileRef = 48F7739A2C4A15620023AC78 /* SectionView.swift */; };
/* End PBXBuildFile section */

/* Begin PBXCopyFilesBuildPhase section */
		4801DBDB2C4C0DDF004D9AE6 /* Embed Foundation Extensions */ = {
			isa = PBXCopyFilesBuildPhase;
			buildActionMask = 2147483647;
			dstPath = "";
			dstSubfolderSpec = 13;
			files = (
			);
			name = "Embed Foundation Extensions";
			runOnlyForDeploymentPostprocessing = 0;
		};
/* End PBXCopyFilesBuildPhase section */

/* Begin PBXFileReference section */
		4801DBBE2C4B6573004D9AE6 /* TitleView.swift */ = {isa = PBXFileReference; lastKnownFileType = sourcecode.swift; path = TitleView.swift; sourceTree = "<group>"; };
		4801DBC02C4B6766004D9AE6 /* ProductModel.swift */ = {isa = PBXFileReference; lastKnownFileType = sourcecode.swift; path = ProductModel.swift; sourceTree = "<group>"; };
		4801DBC22C4B68A8004D9AE6 /* ProductItemView.swift */ = {isa = PBXFileReference; lastKnownFileType = sourcecode.swift; path = ProductItemView.swift; sourceTree = "<group>"; };
		4801DBCA2C4C0DDF004D9AE6 /* UniformTypeIdentifiers.framework */ = {isa = PBXFileReference; lastKnownFileType = wrapper.framework; name = UniformTypeIdentifiers.framework; path = System/Library/Frameworks/UniformTypeIdentifiers.framework; sourceTree = SDKROOT; };
		4801DBF12C4C13CD004D9AE6 /* Touchdown.entitlements */ = {isa = PBXFileReference; lastKnownFileType = text.plist.entitlements; path = Touchdown.entitlements; sourceTree = "<group>"; };
		4801DC442C4EE11E004D9AE6 /* BrandModel.swift */ = {isa = PBXFileReference; lastKnownFileType = sourcecode.swift; path = BrandModel.swift; sourceTree = "<group>"; };
		4801DC462C4EE1B6004D9AE6 /* BrandItemView.swift */ = {isa = PBXFileReference; lastKnownFileType = sourcecode.swift; path = BrandItemView.swift; sourceTree = "<group>"; };
		4801DC482C4EE29F004D9AE6 /* BrandGridView.swift */ = {isa = PBXFileReference; lastKnownFileType = sourcecode.swift; path = BrandGridView.swift; sourceTree = "<group>"; };
		48159ED92C503048005BB9F5 /* ProductDetailView.swift */ = {isa = PBXFileReference; lastKnownFileType = sourcecode.swift; path = ProductDetailView.swift; sourceTree = "<group>"; };
		48159EDB2C50327C005BB9F5 /* NavigationBarDetailView.swift */ = {isa = PBXFileReference; lastKnownFileType = sourcecode.swift; path = NavigationBarDetailView.swift; sourceTree = "<group>"; };
		48159EDD2C5033E9005BB9F5 /* HeaderDetailView.swift */ = {isa = PBXFileReference; lastKnownFileType = sourcecode.swift; path = HeaderDetailView.swift; sourceTree = "<group>"; };
		48159EDF2C5034AF005BB9F5 /* TopPartDetailView.swift */ = {isa = PBXFileReference; lastKnownFileType = sourcecode.swift; path = TopPartDetailView.swift; sourceTree = "<group>"; };
		482BA07D2C46F23400696F62 /* NavigationBarView.swift */ = {isa = PBXFileReference; lastKnownFileType = sourcecode.swift; path = NavigationBarView.swift; sourceTree = "<group>"; };
		482BA07F2C46F8CB00696F62 /* LogoView.swift */ = {isa = PBXFileReference; lastKnownFileType = sourcecode.swift; path = LogoView.swift; sourceTree = "<group>"; };
		4895AEED2C45FAD9008CD905 /* Touchdown.app */ = {isa = PBXFileReference; explicitFileType = wrapper.application; includeInIndex = 0; path = Touchdown.app; sourceTree = BUILT_PRODUCTS_DIR; };
		4895AEF02C45FAD9008CD905 /* TouchdownApp.swift */ = {isa = PBXFileReference; lastKnownFileType = sourcecode.swift; path = TouchdownApp.swift; sourceTree = "<group>"; };
		4895AEF22C45FAD9008CD905 /* ContentView.swift */ = {isa = PBXFileReference; lastKnownFileType = sourcecode.swift; path = ContentView.swift; sourceTree = "<group>"; };
		4895AEF42C45FADB008CD905 /* Assets.xcassets */ = {isa = PBXFileReference; lastKnownFileType = folder.assetcatalog; path = Assets.xcassets; sourceTree = "<group>"; };
		4895AEF72C45FADB008CD905 /* Preview Assets.xcassets */ = {isa = PBXFileReference; lastKnownFileType = folder.assetcatalog; path = "Preview Assets.xcassets"; sourceTree = "<group>"; };
		4895AEFE2C45FDBE008CD905 /* brand.json */ = {isa = PBXFileReference; fileEncoding = 4; lastKnownFileType = text.json; path = brand.json; sourceTree = "<group>"; };
		4895AEFF2C45FDBE008CD905 /* product.json */ = {isa = PBXFileReference; fileEncoding = 4; lastKnownFileType = text.json; path = product.json; sourceTree = "<group>"; };
		4895AF002C45FDBE008CD905 /* category.json */ = {isa = PBXFileReference; fileEncoding = 4; lastKnownFileType = text.json; path = category.json; sourceTree = "<group>"; };
		4895AF012C45FDBF008CD905 /* player.json */ = {isa = PBXFileReference; fileEncoding = 4; lastKnownFileType = text.json; path = player.json; sourceTree = "<group>"; };
		4895AF072C45FE86008CD905 /* Info.plist */ = {isa = PBXFileReference; lastKnownFileType = text.plist; path = Info.plist; sourceTree = "<group>"; };
		4895AF0F2C45FFB0008CD905 /* Constant.swift */ = {isa = PBXFileReference; lastKnownFileType = sourcecode.swift; path = Constant.swift; sourceTree = "<group>"; };
		4895AF112C46010A008CD905 /* FooterView.swift */ = {isa = PBXFileReference; lastKnownFileType = sourcecode.swift; path = FooterView.swift; sourceTree = "<group>"; };
		48F7738A2C4842B40023AC78 /* PlayerModel.swift */ = {isa = PBXFileReference; lastKnownFileType = sourcecode.swift; path = PlayerModel.swift; sourceTree = "<group>"; };
		48F7738C2C4843510023AC78 /* CodableBundleExtension.swift */ = {isa = PBXFileReference; lastKnownFileType = sourcecode.swift; path = CodableBundleExtension.swift; sourceTree = "<group>"; };
		48F773902C4846C90023AC78 /* FeaturedItemView.swift */ = {isa = PBXFileReference; lastKnownFileType = sourcecode.swift; path = FeaturedItemView.swift; sourceTree = "<group>"; };
		48F773922C4848210023AC78 /* FeaturedTabView.swift */ = {isa = PBXFileReference; lastKnownFileType = sourcecode.swift; path = FeaturedTabView.swift; sourceTree = "<group>"; };
		48F773942C4A0F9A0023AC78 /* CategoryModel.swift */ = {isa = PBXFileReference; lastKnownFileType = sourcecode.swift; path = CategoryModel.swift; sourceTree = "<group>"; };
		48F773962C4A10FA0023AC78 /* CategoryItemView.swift */ = {isa = PBXFileReference; lastKnownFileType = sourcecode.swift; path = CategoryItemView.swift; sourceTree = "<group>"; };
		48F773982C4A13D40023AC78 /* CategoryGridView.swift */ = {isa = PBXFileReference; lastKnownFileType = sourcecode.swift; path = CategoryGridView.swift; sourceTree = "<group>"; };
		48F7739A2C4A15620023AC78 /* SectionView.swift */ = {isa = PBXFileReference; lastKnownFileType = sourcecode.swift; path = SectionView.swift; sourceTree = "<group>"; };
/* End PBXFileReference section */

/* Begin PBXFrameworksBuildPhase section */
		4895AEEA2C45FAD9008CD905 /* Frameworks */ = {
			isa = PBXFrameworksBuildPhase;
			buildActionMask = 2147483647;
			files = (
			);
			runOnlyForDeploymentPostprocessing = 0;
		};
/* End PBXFrameworksBuildPhase section */

/* Begin PBXGroup section */
		4801DBC92C4C0DDF004D9AE6 /* Frameworks */ = {
			isa = PBXGroup;
			children = (
				4801DBCA2C4C0DDF004D9AE6 /* UniformTypeIdentifiers.framework */,
			);
			name = Frameworks;
			sourceTree = "<group>";
		};
		4895AEE42C45FAD8008CD905 = {
			isa = PBXGroup;
			children = (
				4895AEEF2C45FAD9008CD905 /* Touchdown */,
				4801DBC92C4C0DDF004D9AE6 /* Frameworks */,
				4895AEEE2C45FAD9008CD905 /* Products */,
			);
			sourceTree = "<group>";
		};
		4895AEEE2C45FAD9008CD905 /* Products */ = {
			isa = PBXGroup;
			children = (
				4895AEED2C45FAD9008CD905 /* Touchdown.app */,
			);
			name = Products;
			sourceTree = "<group>";
		};
		4895AEEF2C45FAD9008CD905 /* Touchdown */ = {
			isa = PBXGroup;
			children = (
				4801DBF12C4C13CD004D9AE6 /* Touchdown.entitlements */,
				4895AF082C45FF1C008CD905 /* App */,
				4895AF092C45FF35008CD905 /* View */,
				4895AF072C45FE86008CD905 /* Info.plist */,
				4895AF062C45FE33008CD905 /* Data */,
				4895AF0C2C45FF71008CD905 /* Model */,
				4895AF0D2C45FF7D008CD905 /* Extension */,
				4895AF0E2C45FF87008CD905 /* Utility */,
				4895AEF42C45FADB008CD905 /* Assets.xcassets */,
				4895AEF62C45FADB008CD905 /* Preview Content */,
			);
			path = Touchdown;
			sourceTree = "<group>";
		};
		4895AEF62C45FADB008CD905 /* Preview Content */ = {
			isa = PBXGroup;
			children = (
				4895AEF72C45FADB008CD905 /* Preview Assets.xcassets */,
			);
			path = "Preview Content";
			sourceTree = "<group>";
		};
		4895AF062C45FE33008CD905 /* Data */ = {
			isa = PBXGroup;
			children = (
				4895AEFE2C45FDBE008CD905 /* brand.json */,
				4895AF002C45FDBE008CD905 /* category.json */,
				4895AF012C45FDBF008CD905 /* player.json */,
				4895AEFF2C45FDBE008CD905 /* product.json */,
			);
			path = Data;
			sourceTree = "<group>";
		};
		4895AF082C45FF1C008CD905 /* App */ = {
			isa = PBXGroup;
			children = (
				4895AEF02C45FAD9008CD905 /* TouchdownApp.swift */,
				4895AEF22C45FAD9008CD905 /* ContentView.swift */,
				48159ED92C503048005BB9F5 /* ProductDetailView.swift */,
			);
			path = App;
			sourceTree = "<group>";
		};
		4895AF092C45FF35008CD905 /* View */ = {
			isa = PBXGroup;
			children = (
				4895AF0B2C45FF3E008CD905 /* Detail */,
				4895AF0A2C45FF38008CD905 /* Home */,
			);
			path = View;
			sourceTree = "<group>";
		};
		4895AF0A2C45FF38008CD905 /* Home */ = {
			isa = PBXGroup;
			children = (
				4895AF112C46010A008CD905 /* FooterView.swift */,
				482BA07D2C46F23400696F62 /* NavigationBarView.swift */,
				482BA07F2C46F8CB00696F62 /* LogoView.swift */,
				48F773902C4846C90023AC78 /* FeaturedItemView.swift */,
				48F773922C4848210023AC78 /* FeaturedTabView.swift */,
				48F773962C4A10FA0023AC78 /* CategoryItemView.swift */,
				48F773982C4A13D40023AC78 /* CategoryGridView.swift */,
				48F7739A2C4A15620023AC78 /* SectionView.swift */,
				4801DBBE2C4B6573004D9AE6 /* TitleView.swift */,
				4801DBC22C4B68A8004D9AE6 /* ProductItemView.swift */,
				4801DC462C4EE1B6004D9AE6 /* BrandItemView.swift */,
				4801DC482C4EE29F004D9AE6 /* BrandGridView.swift */,
			);
			path = Home;
			sourceTree = "<group>";
		};
		4895AF0B2C45FF3E008CD905 /* Detail */ = {
			isa = PBXGroup;
			children = (
				48159EDB2C50327C005BB9F5 /* NavigationBarDetailView.swift */,
				48159EDD2C5033E9005BB9F5 /* HeaderDetailView.swift */,
				48159EDF2C5034AF005BB9F5 /* TopPartDetailView.swift */,
			);
			path = Detail;
			sourceTree = "<group>";
		};
		4895AF0C2C45FF71008CD905 /* Model */ = {
			isa = PBXGroup;
			children = (
				48F7738A2C4842B40023AC78 /* PlayerModel.swift */,
				48F773942C4A0F9A0023AC78 /* CategoryModel.swift */,
				4801DBC02C4B6766004D9AE6 /* ProductModel.swift */,
				4801DC442C4EE11E004D9AE6 /* BrandModel.swift */,
			);
			path = Model;
			sourceTree = "<group>";
		};
		4895AF0D2C45FF7D008CD905 /* Extension */ = {
			isa = PBXGroup;
			children = (
				48F7738C2C4843510023AC78 /* CodableBundleExtension.swift */,
			);
			path = Extension;
			sourceTree = "<group>";
		};
		4895AF0E2C45FF87008CD905 /* Utility */ = {
			isa = PBXGroup;
			children = (
				4895AF0F2C45FFB0008CD905 /* Constant.swift */,
			);
			path = Utility;
			sourceTree = "<group>";
		};
/* End PBXGroup section */

/* Begin PBXNativeTarget section */
		4895AEEC2C45FAD9008CD905 /* Touchdown */ = {
			isa = PBXNativeTarget;
			buildConfigurationList = 4895AEFB2C45FADB008CD905 /* Build configuration list for PBXNativeTarget "Touchdown" */;
			buildPhases = (
				4895AEE92C45FAD9008CD905 /* Sources */,
				4895AEEA2C45FAD9008CD905 /* Frameworks */,
				4895AEEB2C45FAD9008CD905 /* Resources */,
				4801DBDB2C4C0DDF004D9AE6 /* Embed Foundation Extensions */,
			);
			buildRules = (
			);
			dependencies = (
			);
			name = Touchdown;
			productName = Touchdown;
			productReference = 4895AEED2C45FAD9008CD905 /* Touchdown.app */;
			productType = "com.apple.product-type.application";
		};
/* End PBXNativeTarget section */

/* Begin PBXProject section */
		4895AEE52C45FAD8008CD905 /* Project object */ = {
			isa = PBXProject;
			attributes = {
				BuildIndependentTargetsInParallel = 1;
				LastSwiftUpdateCheck = 1420;
				LastUpgradeCheck = 1420;
				TargetAttributes = {
					4895AEEC2C45FAD9008CD905 = {
						CreatedOnToolsVersion = 14.2;
					};
				};
			};
			buildConfigurationList = 4895AEE82C45FAD8008CD905 /* Build configuration list for PBXProject "Touchdown" */;
			compatibilityVersion = "Xcode 14.0";
			developmentRegion = en;
			hasScannedForEncodings = 0;
			knownRegions = (
				en,
				Base,
			);
			mainGroup = 4895AEE42C45FAD8008CD905;
			productRefGroup = 4895AEEE2C45FAD9008CD905 /* Products */;
			projectDirPath = "";
			projectRoot = "";
			targets = (
				4895AEEC2C45FAD9008CD905 /* Touchdown */,
			);
		};
/* End PBXProject section */

/* Begin PBXResourcesBuildPhase section */
		4895AEEB2C45FAD9008CD905 /* Resources */ = {
			isa = PBXResourcesBuildPhase;
			buildActionMask = 2147483647;
			files = (
				4895AF052C45FDBF008CD905 /* player.json in Resources */,
				4895AEF82C45FADB008CD905 /* Preview Assets.xcassets in Resources */,
				4895AF032C45FDBF008CD905 /* product.json in Resources */,
				4895AF042C45FDBF008CD905 /* category.json in Resources */,
				4895AEF52C45FADB008CD905 /* Assets.xcassets in Resources */,
				4895AF022C45FDBF008CD905 /* brand.json in Resources */,
			);
			runOnlyForDeploymentPostprocessing = 0;
		};
/* End PBXResourcesBuildPhase section */

/* Begin PBXSourcesBuildPhase section */
		4895AEE92C45FAD9008CD905 /* Sources */ = {
			isa = PBXSourcesBuildPhase;
			buildActionMask = 2147483647;
			files = (
				48F7738D2C4843510023AC78 /* CodableBundleExtension.swift in Sources */,
				48159EDE2C5033E9005BB9F5 /* HeaderDetailView.swift in Sources */,
				48159EE02C5034AF005BB9F5 /* TopPartDetailView.swift in Sources */,
				4895AEF32C45FAD9008CD905 /* ContentView.swift in Sources */,
				482BA0802C46F8CB00696F62 /* LogoView.swift in Sources */,
				4895AF122C46010A008CD905 /* FooterView.swift in Sources */,
				48F773912C4846C90023AC78 /* FeaturedItemView.swift in Sources */,
				4801DBC32C4B68A8004D9AE6 /* ProductItemView.swift in Sources */,
				4801DC492C4EE29F004D9AE6 /* BrandGridView.swift in Sources */,
				4895AEF12C45FAD9008CD905 /* TouchdownApp.swift in Sources */,
				48159EDA2C503048005BB9F5 /* ProductDetailView.swift in Sources */,
				48159EDC2C50327C005BB9F5 /* NavigationBarDetailView.swift in Sources */,
				4895AF102C45FFB0008CD905 /* Constant.swift in Sources */,
				48F773992C4A13D40023AC78 /* CategoryGridView.swift in Sources */,
				48F773952C4A0F9A0023AC78 /* CategoryModel.swift in Sources */,
				482BA07E2C46F23400696F62 /* NavigationBarView.swift in Sources */,
				48F7739B2C4A15620023AC78 /* SectionView.swift in Sources */,
				4801DC472C4EE1B6004D9AE6 /* BrandItemView.swift in Sources */,
				48F773972C4A10FA0023AC78 /* CategoryItemView.swift in Sources */,
				48F773932C4848210023AC78 /* FeaturedTabView.swift in Sources */,
				48F7738B2C4842B40023AC78 /* PlayerModel.swift in Sources */,
				4801DC452C4EE11E004D9AE6 /* BrandModel.swift in Sources */,
				4801DBBF2C4B6573004D9AE6 /* TitleView.swift in Sources */,
				4801DBC12C4B6766004D9AE6 /* ProductModel.swift in Sources */,
			);
			runOnlyForDeploymentPostprocessing = 0;
		};
/* End PBXSourcesBuildPhase section */

/* Begin XCBuildConfiguration section */
		4895AEF92C45FADB008CD905 /* Debug */ = {
			isa = XCBuildConfiguration;
			buildSettings = {
				ALWAYS_SEARCH_USER_PATHS = NO;
				CLANG_ANALYZER_NONNULL = YES;
				CLANG_ANALYZER_NUMBER_OBJECT_CONVERSION = YES_AGGRESSIVE;
				CLANG_CXX_LANGUAGE_STANDARD = "gnu++20";
				CLANG_ENABLE_MODULES = YES;
				CLANG_ENABLE_OBJC_ARC = YES;
				CLANG_ENABLE_OBJC_WEAK = YES;
				CLANG_WARN_BLOCK_CAPTURE_AUTORELEASING = YES;
				CLANG_WARN_BOOL_CONVERSION = YES;
				CLANG_WARN_COMMA = YES;
				CLANG_WARN_CONSTANT_CONVERSION = YES;
				CLANG_WARN_DEPRECATED_OBJC_IMPLEMENTATIONS = YES;
				CLANG_WARN_DIRECT_OBJC_ISA_USAGE = YES_ERROR;
				CLANG_WARN_DOCUMENTATION_COMMENTS = YES;
				CLANG_WARN_EMPTY_BODY = YES;
				CLANG_WARN_ENUM_CONVERSION = YES;
				CLANG_WARN_INFINITE_RECURSION = YES;
				CLANG_WARN_INT_CONVERSION = YES;
				CLANG_WARN_NON_LITERAL_NULL_CONVERSION = YES;
				CLANG_WARN_OBJC_IMPLICIT_RETAIN_SELF = YES;
				CLANG_WARN_OBJC_LITERAL_CONVERSION = YES;
				CLANG_WARN_OBJC_ROOT_CLASS = YES_ERROR;
				CLANG_WARN_QUOTED_INCLUDE_IN_FRAMEWORK_HEADER = YES;
				CLANG_WARN_RANGE_LOOP_ANALYSIS = YES;
				CLANG_WARN_STRICT_PROTOTYPES = YES;
				CLANG_WARN_SUSPICIOUS_MOVE = YES;
				CLANG_WARN_UNGUARDED_AVAILABILITY = YES_AGGRESSIVE;
				CLANG_WARN_UNREACHABLE_CODE = YES;
				CLANG_WARN__DUPLICATE_METHOD_MATCH = YES;
				COPY_PHASE_STRIP = NO;
				DEBUG_INFORMATION_FORMAT = dwarf;
				ENABLE_STRICT_OBJC_MSGSEND = YES;
				ENABLE_TESTABILITY = YES;
				GCC_C_LANGUAGE_STANDARD = gnu11;
				GCC_DYNAMIC_NO_PIC = NO;
				GCC_NO_COMMON_BLOCKS = YES;
				GCC_OPTIMIZATION_LEVEL = 0;
				GCC_PREPROCESSOR_DEFINITIONS = (
					"DEBUG=1",
					"$(inherited)",
				);
				GCC_WARN_64_TO_32_BIT_CONVERSION = YES;
				GCC_WARN_ABOUT_RETURN_TYPE = YES_ERROR;
				GCC_WARN_UNDECLARED_SELECTOR = YES;
				GCC_WARN_UNINITIALIZED_AUTOS = YES_AGGRESSIVE;
				GCC_WARN_UNUSED_FUNCTION = YES;
				GCC_WARN_UNUSED_VARIABLE = YES;
				IPHONEOS_DEPLOYMENT_TARGET = 16.2;
				MTL_ENABLE_DEBUG_INFO = INCLUDE_SOURCE;
				MTL_FAST_MATH = YES;
				ONLY_ACTIVE_ARCH = YES;
				SDKROOT = iphoneos;
				SWIFT_ACTIVE_COMPILATION_CONDITIONS = DEBUG;
				SWIFT_OPTIMIZATION_LEVEL = "-Onone";
			};
			name = Debug;
		};
		4895AEFA2C45FADB008CD905 /* Release */ = {
			isa = XCBuildConfiguration;
			buildSettings = {
				ALWAYS_SEARCH_USER_PATHS = NO;
				CLANG_ANALYZER_NONNULL = YES;
				CLANG_ANALYZER_NUMBER_OBJECT_CONVERSION = YES_AGGRESSIVE;
				CLANG_CXX_LANGUAGE_STANDARD = "gnu++20";
				CLANG_ENABLE_MODULES = YES;
				CLANG_ENABLE_OBJC_ARC = YES;
				CLANG_ENABLE_OBJC_WEAK = YES;
				CLANG_WARN_BLOCK_CAPTURE_AUTORELEASING = YES;
				CLANG_WARN_BOOL_CONVERSION = YES;
				CLANG_WARN_COMMA = YES;
				CLANG_WARN_CONSTANT_CONVERSION = YES;
				CLANG_WARN_DEPRECATED_OBJC_IMPLEMENTATIONS = YES;
				CLANG_WARN_DIRECT_OBJC_ISA_USAGE = YES_ERROR;
				CLANG_WARN_DOCUMENTATION_COMMENTS = YES;
				CLANG_WARN_EMPTY_BODY = YES;
				CLANG_WARN_ENUM_CONVERSION = YES;
				CLANG_WARN_INFINITE_RECURSION = YES;
				CLANG_WARN_INT_CONVERSION = YES;
				CLANG_WARN_NON_LITERAL_NULL_CONVERSION = YES;
				CLANG_WARN_OBJC_IMPLICIT_RETAIN_SELF = YES;
				CLANG_WARN_OBJC_LITERAL_CONVERSION = YES;
				CLANG_WARN_OBJC_ROOT_CLASS = YES_ERROR;
				CLANG_WARN_QUOTED_INCLUDE_IN_FRAMEWORK_HEADER = YES;
				CLANG_WARN_RANGE_LOOP_ANALYSIS = YES;
				CLANG_WARN_STRICT_PROTOTYPES = YES;
				CLANG_WARN_SUSPICIOUS_MOVE = YES;
				CLANG_WARN_UNGUARDED_AVAILABILITY = YES_AGGRESSIVE;
				CLANG_WARN_UNREACHABLE_CODE = YES;
				CLANG_WARN__DUPLICATE_METHOD_MATCH = YES;
				COPY_PHASE_STRIP = NO;
				DEBUG_INFORMATION_FORMAT = "dwarf-with-dsym";
				ENABLE_NS_ASSERTIONS = NO;
				ENABLE_STRICT_OBJC_MSGSEND = YES;
				GCC_C_LANGUAGE_STANDARD = gnu11;
				GCC_NO_COMMON_BLOCKS = YES;
				GCC_WARN_64_TO_32_BIT_CONVERSION = YES;
				GCC_WARN_ABOUT_RETURN_TYPE = YES_ERROR;
				GCC_WARN_UNDECLARED_SELECTOR = YES;
				GCC_WARN_UNINITIALIZED_AUTOS = YES_AGGRESSIVE;
				GCC_WARN_UNUSED_FUNCTION = YES;
				GCC_WARN_UNUSED_VARIABLE = YES;
				IPHONEOS_DEPLOYMENT_TARGET = 16.2;
				MTL_ENABLE_DEBUG_INFO = NO;
				MTL_FAST_MATH = YES;
				SDKROOT = iphoneos;
				SWIFT_COMPILATION_MODE = wholemodule;
				SWIFT_OPTIMIZATION_LEVEL = "-O";
				VALIDATE_PRODUCT = YES;
			};
			name = Release;
		};
		4895AEFC2C45FADB008CD905 /* Debug */ = {
			isa = XCBuildConfiguration;
			buildSettings = {
				ASSETCATALOG_COMPILER_APPICON_NAME = AppIcon;
				ASSETCATALOG_COMPILER_GLOBAL_ACCENT_COLOR_NAME = AccentColor;
				CODE_SIGN_ENTITLEMENTS = Touchdown/Touchdown.entitlements;
				CODE_SIGN_STYLE = Automatic;
				CURRENT_PROJECT_VERSION = 1;
				DEVELOPMENT_ASSET_PATHS = "\"Touchdown/Preview Content\"";
				DEVELOPMENT_TEAM = 28UNC76MDZ;
				ENABLE_PREVIEWS = YES;
				GENERATE_INFOPLIST_FILE = YES;
				INFOPLIST_FILE = Touchdown/Info.plist;
				INFOPLIST_KEY_UIApplicationSceneManifest_Generation = YES;
				INFOPLIST_KEY_UIApplicationSupportsIndirectInputEvents = YES;
				INFOPLIST_KEY_UISupportedInterfaceOrientations = UIInterfaceOrientationPortrait;
				INFOPLIST_KEY_UIUserInterfaceStyle = Light;
				LD_RUNPATH_SEARCH_PATHS = (
					"$(inherited)",
					"@executable_path/Frameworks",
				);
				MARKETING_VERSION = 1.0;
				PRODUCT_BUNDLE_IDENTIFIER = com.oscarmyerston.Touchdown;
				PRODUCT_NAME = "$(TARGET_NAME)";
				SWIFT_EMIT_LOC_STRINGS = YES;
				SWIFT_VERSION = 5.0;
				TARGETED_DEVICE_FAMILY = "1,2";
			};
			name = Debug;
		};
		4895AEFD2C45FADB008CD905 /* Release */ = {
			isa = XCBuildConfiguration;
			buildSettings = {
				ASSETCATALOG_COMPILER_APPICON_NAME = AppIcon;
				ASSETCATALOG_COMPILER_GLOBAL_ACCENT_COLOR_NAME = AccentColor;
				CODE_SIGN_ENTITLEMENTS = Touchdown/Touchdown.entitlements;
				CODE_SIGN_STYLE = Automatic;
				CURRENT_PROJECT_VERSION = 1;
				DEVELOPMENT_ASSET_PATHS = "\"Touchdown/Preview Content\"";
				DEVELOPMENT_TEAM = 28UNC76MDZ;
				ENABLE_PREVIEWS = YES;
				GENERATE_INFOPLIST_FILE = YES;
				INFOPLIST_FILE = Touchdown/Info.plist;
				INFOPLIST_KEY_UIApplicationSceneManifest_Generation = YES;
				INFOPLIST_KEY_UIApplicationSupportsIndirectInputEvents = YES;
				INFOPLIST_KEY_UISupportedInterfaceOrientations = UIInterfaceOrientationPortrait;
				INFOPLIST_KEY_UIUserInterfaceStyle = Light;
				LD_RUNPATH_SEARCH_PATHS = (
					"$(inherited)",
					"@executable_path/Frameworks",
				);
				MARKETING_VERSION = 1.0;
				PRODUCT_BUNDLE_IDENTIFIER = com.oscarmyerston.Touchdown;
				PRODUCT_NAME = "$(TARGET_NAME)";
				SWIFT_EMIT_LOC_STRINGS = YES;
				SWIFT_VERSION = 5.0;
				TARGETED_DEVICE_FAMILY = "1,2";
			};
			name = Release;
		};
/* End XCBuildConfiguration section */

/* Begin XCConfigurationList section */
		4895AEE82C45FAD8008CD905 /* Build configuration list for PBXProject "Touchdown" */ = {
			isa = XCConfigurationList;
			buildConfigurations = (
				4895AEF92C45FADB008CD905 /* Debug */,
				4895AEFA2C45FADB008CD905 /* Release */,
			);
			defaultConfigurationIsVisible = 0;
			defaultConfigurationName = Release;
		};
		4895AEFB2C45FADB008CD905 /* Build configuration list for PBXNativeTarget "Touchdown" */ = {
			isa = XCConfigurationList;
			buildConfigurations = (
				4895AEFC2C45FADB008CD905 /* Debug */,
				4895AEFD2C45FADB008CD905 /* Release */,
			);
			defaultConfigurationIsVisible = 0;
			defaultConfigurationName = Release;
		};
/* End XCConfigurationList section */
	};
	rootObject = 4895AEE52C45FAD8008CD905 /* Project object */;
}
